
Microsoft Visual Studio Solution File, Format Version 12.00
# Visual Studio Version 17
VisualStudioVersion = 17.4.33213.308
MinimumVisualStudioVersion = 10.0.40219.1
Project("{FAE04EC0-301F-11D3-BF4B-00C04F79EFBC}") = "PizzaStore", "PizzaStore\PizzaStore.csproj", "{90E003D6-B351-4E4E-978B-2E4B0B0CE485}"
EndProject
Global
	GlobalSection(SolutionConfigurationPlatforms) = preSolution
		Debug|Any CPU = Debug|Any CPU
		Release|Any CPU = Release|Any CPU
	EndGlobalSection
	GlobalSection(ProjectConfigurationPlatforms) = postSolution
		{90E003D6-B351-4E4E-978B-2E4B0B0CE485}.Debug|Any CPU.ActiveCfg = Debug|Any CPU
		{90E003D6-B351-4E4E-978B-2E4B0B0CE485}.Debug|Any CPU.Build.0 = Debug|Any CPU
		{90E003D6-B351-4E4E-978B-2E4B0B0CE485}.Release|Any CPU.ActiveCfg = Release|Any CPU
		{90E003D6-B351-4E4E-978B-2E4B0B0CE485}.Release|Any CPU.Build.0 = Release|Any CPU
	EndGlobalSection
	GlobalSection(SolutionProperties) = preSolution
		HideSolutionNode = FALSE
	EndGlobalSection
	GlobalSection(ExtensibilityGlobals) = postSolution
		SolutionGuid = {90F7C271-53FB-4F2D-8E54-F31ADF01A2D7}
	EndGlobalSection
EndGlobal
